// !$*UTF8*$!
{
	archiveVersion = 1;
	classes = {
	};
	objectVersion = 50;
	objects = {

/* Begin PBXBuildFile section */
		438E7EB426594E9200C6469C /* StanfordCourseApp.swift in Sources */ = {isa = PBXBuildFile; fileRef = 438E7EB326594E9200C6469C /* StanfordCourseApp.swift */; };
		438E7EB626594E9200C6469C /* ContentView.swift in Sources */ = {isa = PBXBuildFile; fileRef = 438E7EB526594E9200C6469C /* ContentView.swift */; };
		438E7EB826594E9600C6469C /* Assets.xcassets in Resources */ = {isa = PBXBuildFile; fileRef = 438E7EB726594E9600C6469C /* Assets.xcassets */; };
		438E7EBB26594E9600C6469C /* Preview Assets.xcassets in Resources */ = {isa = PBXBuildFile; fileRef = 438E7EBA26594E9600C6469C /* Preview Assets.xcassets */; };
		438E7EC626594E9600C6469C /* StanfordCourseTests.swift in Sources */ = {isa = PBXBuildFile; fileRef = 438E7EC526594E9600C6469C /* StanfordCourseTests.swift */; };
		438E7ED126594E9600C6469C /* StanfordCourseUITests.swift in Sources */ = {isa = PBXBuildFile; fileRef = 438E7ED026594E9600C6469C /* StanfordCourseUITests.swift */; };
		43A248B2265D4D3000BF491E /* MemoryGame.swift in Sources */ = {isa = PBXBuildFile; fileRef = 43A248B1265D4D3000BF491E /* MemoryGame.swift */; };
		43A248B4265D4F3300BF491E /* EmojiMemoryGame.swift in Sources */ = {isa = PBXBuildFile; fileRef = 43A248B3265D4F3300BF491E /* EmojiMemoryGame.swift */; };
/* End PBXBuildFile section */

/* Begin PBXContainerItemProxy section */
		438E7EC226594E9600C6469C /* PBXContainerItemProxy */ = {
			isa = PBXContainerItemProxy;
			containerPortal = 438E7EA826594E9200C6469C /* Project object */;
			proxyType = 1;
			remoteGlobalIDString = 438E7EAF26594E9200C6469C;
			remoteInfo = StanfordCourse;
		};
		438E7ECD26594E9600C6469C /* PBXContainerItemProxy */ = {
			isa = PBXContainerItemProxy;
			containerPortal = 438E7EA826594E9200C6469C /* Project object */;
			proxyType = 1;
			remoteGlobalIDString = 438E7EAF26594E9200C6469C;
			remoteInfo = StanfordCourse;
		};
/* End PBXContainerItemProxy section */

/* Begin PBXFileReference section */
		438E7EB026594E9200C6469C /* StanfordCourse.app */ = {isa = PBXFileReference; explicitFileType = wrapper.application; includeInIndex = 0; path = StanfordCourse.app; sourceTree = BUILT_PRODUCTS_DIR; };
		438E7EB326594E9200C6469C /* StanfordCourseApp.swift */ = {isa = PBXFileReference; lastKnownFileType = sourcecode.swift; path = StanfordCourseApp.swift; sourceTree = "<group>"; };
		438E7EB526594E9200C6469C /* ContentView.swift */ = {isa = PBXFileReference; lastKnownFileType = sourcecode.swift; path = ContentView.swift; sourceTree = "<group>"; };
		438E7EB726594E9600C6469C /* Assets.xcassets */ = {isa = PBXFileReference; lastKnownFileType = folder.assetcatalog; path = Assets.xcassets; sourceTree = "<group>"; };
		438E7EBA26594E9600C6469C /* Preview Assets.xcassets */ = {isa = PBXFileReference; lastKnownFileType = folder.assetcatalog; path = "Preview Assets.xcassets"; sourceTree = "<group>"; };
		438E7EBC26594E9600C6469C /* Info.plist */ = {isa = PBXFileReference; lastKnownFileType = text.plist.xml; path = Info.plist; sourceTree = "<group>"; };
		438E7EC126594E9600C6469C /* StanfordCourseTests.xctest */ = {isa = PBXFileReference; explicitFileType = wrapper.cfbundle; includeInIndex = 0; path = StanfordCourseTests.xctest; sourceTree = BUILT_PRODUCTS_DIR; };
		438E7EC526594E9600C6469C /* StanfordCourseTests.swift */ = {isa = PBXFileReference; lastKnownFileType = sourcecode.swift; path = StanfordCourseTests.swift; sourceTree = "<group>"; };
		438E7EC726594E9600C6469C /* Info.plist */ = {isa = PBXFileReference; lastKnownFileType = text.plist.xml; path = Info.plist; sourceTree = "<group>"; };
		438E7ECC26594E9600C6469C /* StanfordCourseUITests.xctest */ = {isa = PBXFileReference; explicitFileType = wrapper.cfbundle; includeInIndex = 0; path = StanfordCourseUITests.xctest; sourceTree = BUILT_PRODUCTS_DIR; };
		438E7ED026594E9600C6469C /* StanfordCourseUITests.swift */ = {isa = PBXFileReference; lastKnownFileType = sourcecode.swift; path = StanfordCourseUITests.swift; sourceTree = "<group>"; };
		438E7ED226594E9600C6469C /* Info.plist */ = {isa = PBXFileReference; lastKnownFileType = text.plist.xml; path = Info.plist; sourceTree = "<group>"; };
		43A248B1265D4D3000BF491E /* MemoryGame.swift */ = {isa = PBXFileReference; lastKnownFileType = sourcecode.swift; path = MemoryGame.swift; sourceTree = "<group>"; };
		43A248B3265D4F3300BF491E /* EmojiMemoryGame.swift */ = {isa = PBXFileReference; lastKnownFileType = sourcecode.swift; path = EmojiMemoryGame.swift; sourceTree = "<group>"; };
/* End PBXFileReference section */

/* Begin PBXFrameworksBuildPhase section */
		438E7EAD26594E9200C6469C /* Frameworks */ = {
			isa = PBXFrameworksBuildPhase;
			buildActionMask = 2147483647;
			files = (
			);
			runOnlyForDeploymentPostprocessing = 0;
		};
		438E7EBE26594E9600C6469C /* Frameworks */ = {
			isa = PBXFrameworksBuildPhase;
			buildActionMask = 2147483647;
			files = (
			);
			runOnlyForDeploymentPostprocessing = 0;
		};
		438E7EC926594E9600C6469C /* Frameworks */ = {
			isa = PBXFrameworksBuildPhase;
			buildActionMask = 2147483647;
			files = (
			);
			runOnlyForDeploymentPostprocessing = 0;
		};
/* End PBXFrameworksBuildPhase section */

/* Begin PBXGroup section */
		438E7EA726594E9200C6469C = {
			isa = PBXGroup;
			children = (
				438E7EB226594E9200C6469C /* StanfordCourse */,
				438E7EC426594E9600C6469C /* StanfordCourseTests */,
				438E7ECF26594E9600C6469C /* StanfordCourseUITests */,
				438E7EB126594E9200C6469C /* Products */,
			);
			sourceTree = "<group>";
		};
		438E7EB126594E9200C6469C /* Products */ = {
			isa = PBXGroup;
			children = (
				438E7EB026594E9200C6469C /* StanfordCourse.app */,
				438E7EC126594E9600C6469C /* StanfordCourseTests.xctest */,
				438E7ECC26594E9600C6469C /* StanfordCourseUITests.xctest */,
			);
			name = Products;
			sourceTree = "<group>";
		};
		438E7EB226594E9200C6469C /* StanfordCourse */ = {
			isa = PBXGroup;
			children = (
				43A248B1265D4D3000BF491E /* MemoryGame.swift */,
				43A248B3265D4F3300BF491E /* EmojiMemoryGame.swift */,
				438E7EB326594E9200C6469C /* StanfordCourseApp.swift */,
				438E7EB526594E9200C6469C /* ContentView.swift */,
				438E7EB726594E9600C6469C /* Assets.xcassets */,
				438E7EBC26594E9600C6469C /* Info.plist */,
				438E7EB926594E9600C6469C /* Preview Content */,
			);
			path = StanfordCourse;
			sourceTree = "<group>";
		};
		438E7EB926594E9600C6469C /* Preview Content */ = {
			isa = PBXGroup;
			children = (
				438E7EBA26594E9600C6469C /* Preview Assets.xcassets */,
			);
			path = "Preview Content";
			sourceTree = "<group>";
		};
		438E7EC426594E9600C6469C /* StanfordCourseTests */ = {
			isa = PBXGroup;
			children = (
				438E7EC526594E9600C6469C /* StanfordCourseTests.swift */,
				438E7EC726594E9600C6469C /* Info.plist */,
			);
			path = StanfordCourseTests;
			sourceTree = "<group>";
		};
		438E7ECF26594E9600C6469C /* StanfordCourseUITests */ = {
			isa = PBXGroup;
			children = (
				438E7ED026594E9600C6469C /* StanfordCourseUITests.swift */,
				438E7ED226594E9600C6469C /* Info.plist */,
			);
			path = StanfordCourseUITests;
			sourceTree = "<group>";
		};
/* End PBXGroup section */

/* Begin PBXNativeTarget section */
		438E7EAF26594E9200C6469C /* StanfordCourse */ = {
			isa = PBXNativeTarget;
			buildConfigurationList = 438E7ED526594E9600C6469C /* Build configuration list for PBXNativeTarget "StanfordCourse" */;
			buildPhases = (
				438E7EAC26594E9200C6469C /* Sources */,
				438E7EAD26594E9200C6469C /* Frameworks */,
				438E7EAE26594E9200C6469C /* Resources */,
			);
			buildRules = (
			);
			dependencies = (
			);
			name = StanfordCourse;
			productName = StanfordCourse;
			productReference = 438E7EB026594E9200C6469C /* StanfordCourse.app */;
			productType = "com.apple.product-type.application";
		};
		438E7EC026594E9600C6469C /* StanfordCourseTests */ = {
			isa = PBXNativeTarget;
			buildConfigurationList = 438E7ED826594E9600C6469C /* Build configuration list for PBXNativeTarget "StanfordCourseTests" */;
			buildPhases = (
				438E7EBD26594E9600C6469C /* Sources */,
				438E7EBE26594E9600C6469C /* Frameworks */,
				438E7EBF26594E9600C6469C /* Resources */,
			);
			buildRules = (
			);
			dependencies = (
				438E7EC326594E9600C6469C /* PBXTargetDependency */,
			);
			name = StanfordCourseTests;
			productName = StanfordCourseTests;
			productReference = 438E7EC126594E9600C6469C /* StanfordCourseTests.xctest */;
			productType = "com.apple.product-type.bundle.unit-test";
		};
		438E7ECB26594E9600C6469C /* StanfordCourseUITests */ = {
			isa = PBXNativeTarget;
			buildConfigurationList = 438E7EDB26594E9600C6469C /* Build configuration list for PBXNativeTarget "StanfordCourseUITests" */;
			buildPhases = (
				438E7EC826594E9600C6469C /* Sources */,
				438E7EC926594E9600C6469C /* Frameworks */,
				438E7ECA26594E9600C6469C /* Resources */,
			);
			buildRules = (
			);
			dependencies = (
				438E7ECE26594E9600C6469C /* PBXTargetDependency */,
			);
			name = StanfordCourseUITests;
			productName = StanfordCourseUITests;
			productReference = 438E7ECC26594E9600C6469C /* StanfordCourseUITests.xctest */;
			productType = "com.apple.product-type.bundle.ui-testing";
		};
/* End PBXNativeTarget section */

/* Begin PBXProject section */
		438E7EA826594E9200C6469C /* Project object */ = {
			isa = PBXProject;
			attributes = {
				LastSwiftUpdateCheck = 1250;
				LastUpgradeCheck = 1250;
				TargetAttributes = {
					438E7EAF26594E9200C6469C = {
						CreatedOnToolsVersion = 12.5;
					};
					438E7EC026594E9600C6469C = {
						CreatedOnToolsVersion = 12.5;
						TestTargetID = 438E7EAF26594E9200C6469C;
					};
					438E7ECB26594E9600C6469C = {
						CreatedOnToolsVersion = 12.5;
						TestTargetID = 438E7EAF26594E9200C6469C;
					};
				};
			};
			buildConfigurationList = 438E7EAB26594E9200C6469C /* Build configuration list for PBXProject "StanfordCourse" */;
			compatibilityVersion = "Xcode 9.3";
			developmentRegion = en;
			hasScannedForEncodings = 0;
			knownRegions = (
				en,
				Base,
			);
			mainGroup = 438E7EA726594E9200C6469C;
			productRefGroup = 438E7EB126594E9200C6469C /* Products */;
			projectDirPath = "";
			projectRoot = "";
			targets = (
				438E7EAF26594E9200C6469C /* StanfordCourse */,
				438E7EC026594E9600C6469C /* StanfordCourseTests */,
				438E7ECB26594E9600C6469C /* StanfordCourseUITests */,
			);
		};
/* End PBXProject section */

/* Begin PBXResourcesBuildPhase section */
		438E7EAE26594E9200C6469C /* Resources */ = {
			isa = PBXResourcesBuildPhase;
			buildActionMask = 2147483647;
			files = (
				438E7EBB26594E9600C6469C /* Preview Assets.xcassets in Resources */,
				438E7EB826594E9600C6469C /* Assets.xcassets in Resources */,
			);
			runOnlyForDeploymentPostprocessing = 0;
		};
		438E7EBF26594E9600C6469C /* Resources */ = {
			isa = PBXResourcesBuildPhase;
			buildActionMask = 2147483647;
			files = (
			);
			runOnlyForDeploymentPostprocessing = 0;
		};
		438E7ECA26594E9600C6469C /* Resources */ = {
			isa = PBXResourcesBuildPhase;
			buildActionMask = 2147483647;
			files = (
			);
			runOnlyForDeploymentPostprocessing = 0;
		};
/* End PBXResourcesBuildPhase section */

/* Begin PBXSourcesBuildPhase section */
		438E7EAC26594E9200C6469C /* Sources */ = {
			isa = PBXSourcesBuildPhase;
			buildActionMask = 2147483647;
			files = (
				43A248B2265D4D3000BF491E /* MemoryGame.swift in Sources */,
				438E7EB626594E9200C6469C /* ContentView.swift in Sources */,
				438E7EB426594E9200C6469C /* StanfordCourseApp.swift in Sources */,
				43A248B4265D4F3300BF491E /* EmojiMemoryGame.swift in Sources */,
			);
			runOnlyForDeploymentPostprocessing = 0;
		};
		438E7EBD26594E9600C6469C /* Sources */ = {
			isa = PBXSourcesBuildPhase;
			buildActionMask = 2147483647;
			files = (
				438E7EC626594E9600C6469C /* StanfordCourseTests.swift in Sources */,
			);
			runOnlyForDeploymentPostprocessing = 0;
		};
		438E7EC826594E9600C6469C /* Sources */ = {
			isa = PBXSourcesBuildPhase;
			buildActionMask = 2147483647;
			files = (
				438E7ED126594E9600C6469C /* StanfordCourseUITests.swift in Sources */,
			);
			runOnlyForDeploymentPostprocessing = 0;
		};
/* End PBXSourcesBuildPhase section */

/* Begin PBXTargetDependency section */
		438E7EC326594E9600C6469C /* PBXTargetDependency */ = {
			isa = PBXTargetDependency;
			target = 438E7EAF26594E9200C6469C /* StanfordCourse */;
			targetProxy = 438E7EC226594E9600C6469C /* PBXContainerItemProxy */;
		};
		438E7ECE26594E9600C6469C /* PBXTargetDependency */ = {
			isa = PBXTargetDependency;
			target = 438E7EAF26594E9200C6469C /* StanfordCourse */;
			targetProxy = 438E7ECD26594E9600C6469C /* PBXContainerItemProxy */;
		};
/* End PBXTargetDependency section */

/* Begin XCBuildConfiguration section */
		438E7ED326594E9600C6469C /* Debug */ = {
			isa = XCBuildConfiguration;
			buildSettings = {
				ALWAYS_SEARCH_USER_PATHS = NO;
				CLANG_ANALYZER_NONNULL = YES;
				CLANG_ANALYZER_NUMBER_OBJECT_CONVERSION = YES_AGGRESSIVE;
				CLANG_CXX_LANGUAGE_STANDARD = "gnu++14";
				CLANG_CXX_LIBRARY = "libc++";
				CLANG_ENABLE_MODULES = YES;
				CLANG_ENABLE_OBJC_ARC = YES;
				CLANG_ENABLE_OBJC_WEAK = YES;
				CLANG_WARN_BLOCK_CAPTURE_AUTORELEASING = YES;
				CLANG_WARN_BOOL_CONVERSION = YES;
				CLANG_WARN_COMMA = YES;
				CLANG_WARN_CONSTANT_CONVERSION = YES;
				CLANG_WARN_DEPRECATED_OBJC_IMPLEMENTATIONS = YES;
				CLANG_WARN_DIRECT_OBJC_ISA_USAGE = YES_ERROR;
				CLANG_WARN_DOCUMENTATION_COMMENTS = YES;
				CLANG_WARN_EMPTY_BODY = YES;
				CLANG_WARN_ENUM_CONVERSION = YES;
				CLANG_WARN_INFINITE_RECURSION = YES;
				CLANG_WARN_INT_CONVERSION = YES;
				CLANG_WARN_NON_LITERAL_NULL_CONVERSION = YES;
				CLANG_WARN_OBJC_IMPLICIT_RETAIN_SELF = YES;
				CLANG_WARN_OBJC_LITERAL_CONVERSION = YES;
				CLANG_WARN_OBJC_ROOT_CLASS = YES_ERROR;
				CLANG_WARN_QUOTED_INCLUDE_IN_FRAMEWORK_HEADER = YES;
				CLANG_WARN_RANGE_LOOP_ANALYSIS = YES;
				CLANG_WARN_STRICT_PROTOTYPES = YES;
				CLANG_WARN_SUSPICIOUS_MOVE = YES;
				CLANG_WARN_UNGUARDED_AVAILABILITY = YES_AGGRESSIVE;
				CLANG_WARN_UNREACHABLE_CODE = YES;
				CLANG_WARN__DUPLICATE_METHOD_MATCH = YES;
				COPY_PHASE_STRIP = NO;
				DEBUG_INFORMATION_FORMAT = dwarf;
				ENABLE_STRICT_OBJC_MSGSEND = YES;
				ENABLE_TESTABILITY = YES;
				GCC_C_LANGUAGE_STANDARD = gnu11;
				GCC_DYNAMIC_NO_PIC = NO;
				GCC_NO_COMMON_BLOCKS = YES;
				GCC_OPTIMIZATION_LEVEL = 0;
				GCC_PREPROCESSOR_DEFINITIONS = (
					"DEBUG=1",
					"$(inherited)",
				);
				GCC_WARN_64_TO_32_BIT_CONVERSION = YES;
				GCC_WARN_ABOUT_RETURN_TYPE = YES_ERROR;
				GCC_WARN_UNDECLARED_SELECTOR = YES;
				GCC_WARN_UNINITIALIZED_AUTOS = YES_AGGRESSIVE;
				GCC_WARN_UNUSED_FUNCTION = YES;
				GCC_WARN_UNUSED_VARIABLE = YES;
				IPHONEOS_DEPLOYMENT_TARGET = 14.5;
				MTL_ENABLE_DEBUG_INFO = INCLUDE_SOURCE;
				MTL_FAST_MATH = YES;
				ONLY_ACTIVE_ARCH = YES;
				SDKROOT = iphoneos;
				SWIFT_ACTIVE_COMPILATION_CONDITIONS = DEBUG;
				SWIFT_OPTIMIZATION_LEVEL = "-Onone";
			};
			name = Debug;
		};
		438E7ED426594E9600C6469C /* Release */ = {
			isa = XCBuildConfiguration;
			buildSettings = {
				ALWAYS_SEARCH_USER_PATHS = NO;
				CLANG_ANALYZER_NONNULL = YES;
				CLANG_ANALYZER_NUMBER_OBJECT_CONVERSION = YES_AGGRESSIVE;
				CLANG_CXX_LANGUAGE_STANDARD = "gnu++14";
				CLANG_CXX_LIBRARY = "libc++";
				CLANG_ENABLE_MODULES = YES;
				CLANG_ENABLE_OBJC_ARC = YES;
				CLANG_ENABLE_OBJC_WEAK = YES;
				CLANG_WARN_BLOCK_CAPTURE_AUTORELEASING = YES;
				CLANG_WARN_BOOL_CONVERSION = YES;
				CLANG_WARN_COMMA = YES;
				CLANG_WARN_CONSTANT_CONVERSION = YES;
				CLANG_WARN_DEPRECATED_OBJC_IMPLEMENTATIONS = YES;
				CLANG_WARN_DIRECT_OBJC_ISA_USAGE = YES_ERROR;
				CLANG_WARN_DOCUMENTATION_COMMENTS = YES;
				CLANG_WARN_EMPTY_BODY = YES;
				CLANG_WARN_ENUM_CONVERSION = YES;
				CLANG_WARN_INFINITE_RECURSION = YES;
				CLANG_WARN_INT_CONVERSION = YES;
				CLANG_WARN_NON_LITERAL_NULL_CONVERSION = YES;
				CLANG_WARN_OBJC_IMPLICIT_RETAIN_SELF = YES;
				CLANG_WARN_OBJC_LITERAL_CONVERSION = YES;
				CLANG_WARN_OBJC_ROOT_CLASS = YES_ERROR;
				CLANG_WARN_QUOTED_INCLUDE_IN_FRAMEWORK_HEADER = YES;
				CLANG_WARN_RANGE_LOOP_ANALYSIS = YES;
				CLANG_WARN_STRICT_PROTOTYPES = YES;
				CLANG_WARN_SUSPICIOUS_MOVE = YES;
				CLANG_WARN_UNGUARDED_AVAILABILITY = YES_AGGRESSIVE;
				CLANG_WARN_UNREACHABLE_CODE = YES;
				CLANG_WARN__DUPLICATE_METHOD_MATCH = YES;
				COPY_PHASE_STRIP = NO;
				DEBUG_INFORMATION_FORMAT = "dwarf-with-dsym";
				ENABLE_NS_ASSERTIONS = NO;
				ENABLE_STRICT_OBJC_MSGSEND = YES;
				GCC_C_LANGUAGE_STANDARD = gnu11;
				GCC_NO_COMMON_BLOCKS = YES;
				GCC_WARN_64_TO_32_BIT_CONVERSION = YES;
				GCC_WARN_ABOUT_RETURN_TYPE = YES_ERROR;
				GCC_WARN_UNDECLARED_SELECTOR = YES;
				GCC_WARN_UNINITIALIZED_AUTOS = YES_AGGRESSIVE;
				GCC_WARN_UNUSED_FUNCTION = YES;
				GCC_WARN_UNUSED_VARIABLE = YES;
				IPHONEOS_DEPLOYMENT_TARGET = 14.5;
				MTL_ENABLE_DEBUG_INFO = NO;
				MTL_FAST_MATH = YES;
				SDKROOT = iphoneos;
				SWIFT_COMPILATION_MODE = wholemodule;
				SWIFT_OPTIMIZATION_LEVEL = "-O";
				VALIDATE_PRODUCT = YES;
			};
			name = Release;
		};
		438E7ED626594E9600C6469C /* Debug */ = {
			isa = XCBuildConfiguration;
			buildSettings = {
				ASSETCATALOG_COMPILER_APPICON_NAME = AppIcon;
				ASSETCATALOG_COMPILER_GLOBAL_ACCENT_COLOR_NAME = AccentColor;
				CODE_SIGN_STYLE = Automatic;
				DEVELOPMENT_ASSET_PATHS = "\"StanfordCourse/Preview Content\"";
				DEVELOPMENT_TEAM = 9Q8SH96RST;
				ENABLE_PREVIEWS = YES;
				INFOPLIST_FILE = StanfordCourse/Info.plist;
				IPHONEOS_DEPLOYMENT_TARGET = 14.0;
				LD_RUNPATH_SEARCH_PATHS = (
					"$(inherited)",
					"@executable_path/Frameworks",
				);
				PRODUCT_BUNDLE_IDENTIFIER = julio.StanfordCourse;
				PRODUCT_NAME = "$(TARGET_NAME)";
				SWIFT_VERSION = 5.0;
				TARGETED_DEVICE_FAMILY = "1,2";
			};
			name = Debug;
		};
		438E7ED726594E9600C6469C /* Release */ = {
			isa = XCBuildConfiguration;
			buildSettings = {
				ASSETCATALOG_COMPILER_APPICON_NAME = AppIcon;
				ASSETCATALOG_COMPILER_GLOBAL_ACCENT_COLOR_NAME = AccentColor;
				CODE_SIGN_STYLE = Automatic;
				DEVELOPMENT_ASSET_PATHS = "\"StanfordCourse/Preview Content\"";
				DEVELOPMENT_TEAM = 9Q8SH96RST;
				ENABLE_PREVIEWS = YES;
				INFOPLIST_FILE = StanfordCourse/Info.plist;
				IPHONEOS_DEPLOYMENT_TARGET = 14.0;
				LD_RUNPATH_SEARCH_PATHS = (
					"$(inherited)",
					"@executable_path/Frameworks",
				);
				PRODUCT_BUNDLE_IDENTIFIER = julio.StanfordCourse;
				PRODUCT_NAME = "$(TARGET_NAME)";
				SWIFT_VERSION = 5.0;
				TARGETED_DEVICE_FAMILY = "1,2";
			};
			name = Release;
		};
		438E7ED926594E9600C6469C /* Debug */ = {
			isa = XCBuildConfiguration;
			buildSettings = {
				ALWAYS_EMBED_SWIFT_STANDARD_LIBRARIES = YES;
				BUNDLE_LOADER = "$(TEST_HOST)";
				CODE_SIGN_STYLE = Automatic;
				DEVELOPMENT_TEAM = 9Q8SH96RST;
				INFOPLIST_FILE = StanfordCourseTests/Info.plist;
				IPHONEOS_DEPLOYMENT_TARGET = 14.0;
				LD_RUNPATH_SEARCH_PATHS = (
					"$(inherited)",
					"@executable_path/Frameworks",
					"@loader_path/Frameworks",
				);
				PRODUCT_BUNDLE_IDENTIFIER = julio.StanfordCourseTests;
				PRODUCT_NAME = "$(TARGET_NAME)";
				SWIFT_VERSION = 5.0;
				TARGETED_DEVICE_FAMILY = "1,2";
				TEST_HOST = "$(BUILT_PRODUCTS_DIR)/StanfordCourse.app/StanfordCourse";
			};
			name = Debug;
		};
		438E7EDA26594E9600C6469C /* Release */ = {
			isa = XCBuildConfiguration;
			buildSettings = {
				ALWAYS_EMBED_SWIFT_STANDARD_LIBRARIES = YES;
				BUNDLE_LOADER = "$(TEST_HOST)";
				CODE_SIGN_STYLE = Automatic;
				DEVELOPMENT_TEAM = 9Q8SH96RST;
				INFOPLIST_FILE = StanfordCourseTests/Info.plist;
				IPHONEOS_DEPLOYMENT_TARGET = 14.0;
				LD_RUNPATH_SEARCH_PATHS = (
					"$(inherited)",
					"@executable_path/Frameworks",
					"@loader_path/Frameworks",
				);
				PRODUCT_BUNDLE_IDENTIFIER = julio.StanfordCourseTests;
				PRODUCT_NAME = "$(TARGET_NAME)";
				SWIFT_VERSION = 5.0;
				TARGETED_DEVICE_FAMILY = "1,2";
				TEST_HOST = "$(BUILT_PRODUCTS_DIR)/StanfordCourse.app/StanfordCourse";
			};
			name = Release;
		};
		438E7EDC26594E9600C6469C /* Debug */ = {
			isa = XCBuildConfiguration;
			buildSettings = {
				ALWAYS_EMBED_SWIFT_STANDARD_LIBRARIES = YES;
				CODE_SIGN_STYLE = Automatic;
				DEVELOPMENT_TEAM = 9Q8SH96RST;
				INFOPLIST_FILE = StanfordCourseUITests/Info.plist;
				LD_RUNPATH_SEARCH_PATHS = (
					"$(inherited)",
					"@executable_path/Frameworks",
					"@loader_path/Frameworks",
				);
				PRODUCT_BUNDLE_IDENTIFIER = julio.StanfordCourseUITests;
				PRODUCT_NAME = "$(TARGET_NAME)";
				SWIFT_VERSION = 5.0;
				TARGETED_DEVICE_FAMILY = "1,2";
				TEST_TARGET_NAME = StanfordCourse;
			};
			name = Debug;
		};
		438E7EDD26594E9600C6469C /* Release */ = {
			isa = XCBuildConfiguration;
			buildSettings = {
				ALWAYS_EMBED_SWIFT_STANDARD_LIBRARIES = YES;
				CODE_SIGN_STYLE = Automatic;
				DEVELOPMENT_TEAM = 9Q8SH96RST;
				INFOPLIST_FILE = StanfordCourseUITests/Info.plist;
				LD_RUNPATH_SEARCH_PATHS = (
					"$(inherited)",
					"@executable_path/Frameworks",
					"@loader_path/Frameworks",
				);
				PRODUCT_BUNDLE_IDENTIFIER = julio.StanfordCourseUITests;
				PRODUCT_NAME = "$(TARGET_NAME)";
				SWIFT_VERSION = 5.0;
				TARGETED_DEVICE_FAMILY = "1,2";
				TEST_TARGET_NAME = StanfordCourse;
			};
			name = Release;
		};
/* End XCBuildConfiguration section */

/* Begin XCConfigurationList section */
		438E7EAB26594E9200C6469C /* Build configuration list for PBXProject "StanfordCourse" */ = {
			isa = XCConfigurationList;
			buildConfigurations = (
				438E7ED326594E9600C6469C /* Debug */,
				438E7ED426594E9600C6469C /* Release */,
			);
			defaultConfigurationIsVisible = 0;
			defaultConfigurationName = Release;
		};
		438E7ED526594E9600C6469C /* Build configuration list for PBXNativeTarget "StanfordCourse" */ = {
			isa = XCConfigurationList;
			buildConfigurations = (
				438E7ED626594E9600C6469C /* Debug */,
				438E7ED726594E9600C6469C /* Release */,
			);
			defaultConfigurationIsVisible = 0;
			defaultConfigurationName = Release;
		};
		438E7ED826594E9600C6469C /* Build configuration list for PBXNativeTarget "StanfordCourseTests" */ = {
			isa = XCConfigurationList;
			buildConfigurations = (
				438E7ED926594E9600C6469C /* Debug */,
				438E7EDA26594E9600C6469C /* Release */,
			);
			defaultConfigurationIsVisible = 0;
			defaultConfigurationName = Release;
		};
		438E7EDB26594E9600C6469C /* Build configuration list for PBXNativeTarget "StanfordCourseUITests" */ = {
			isa = XCConfigurationList;
			buildConfigurations = (
				438E7EDC26594E9600C6469C /* Debug */,
				438E7EDD26594E9600C6469C /* Release */,
			);
			defaultConfigurationIsVisible = 0;
			defaultConfigurationName = Release;
		};
/* End XCConfigurationList section */
	};
	rootObject = 438E7EA826594E9200C6469C /* Project object */;
}
